
Microsoft Visual Studio Solution File, Format Version 12.00
# Visual Studio Version 17
VisualStudioVersion = 17.0.31903.59
MinimumVisualStudioVersion = 10.0.40219.1
Project("{2150E333-8FDC-42A3-9474-1A3956D46DE8}") = "src", "src", "{827E0CD3-B72D-47B6-A68D-7590B98EB39B}"
EndProject
Project("{FAE04EC0-301F-11D3-BF4B-00C04F79EFBC}") = "Bookly.AppHost", "src\Bookly.AppHost\Bookly.AppHost.csproj", "{D0560D38-FA2D-4E10-825D-F59C680A9E55}"
EndProject
Project("{FAE04EC0-301F-11D3-BF4B-00C04F79EFBC}") = "Bookly.ServiceDefaults", "src\Bookly.ServiceDefaults\Bookly.ServiceDefaults.csproj", "{1790394F-7822-4DDD-99ED-531523192D2F}"
EndProject
Project("{FAE04EC0-301F-11D3-BF4B-00C04F79EFBC}") = "Bookly.Api", "src\Bookly.Api\Bookly.Api.csproj", "{01D732C3-E592-48BE-A91A-88B98CBD065C}"
EndProject
Project("{FAE04EC0-301F-11D3-BF4B-00C04F79EFBC}") = "Bookly.Ui", "src\Bookly.Ui\Bookly.Ui.csproj", "{E8B163FC-11D5-463F-BCF3-DDEFBFE88624}"
EndProject
Project("{FAE04EC0-301F-11D3-BF4B-00C04F79EFBC}") = "Bookly.Cli", "src\Bookly.Cli\Bookly.Cli.csproj", "{502F958A-C654-46B9-9421-3F5DB9963C56}"
EndProject
Project("{FAE04EC0-301F-11D3-BF4B-00C04F79EFBC}") = "Bookly.Core", "src\Bookly.Core\Bookly.Core.csproj", "{B26290A9-68E3-441F-929F-0834BAFA4F46}"
EndProject
Project("{2150E333-8FDC-42A3-9474-1A3956D46DE8}") = "tests", "tests", "{0AB3BF05-4346-4AA6-1389-037BE0695223}"
EndProject
Project("{FAE04EC0-301F-11D3-BF4B-00C04F79EFBC}") = "Bookly.Core.Tests", "tests\Bookly.Core.Tests\Bookly.Core.Tests.csproj", "{8B120413-0BE8-4612-B932-444EA1FBE536}"
EndProject
Project("{FAE04EC0-301F-11D3-BF4B-00C04F79EFBC}") = "Bookly.Ui.E2E", "tests\Bookly.Ui.E2E\Bookly.Ui.E2E.csproj", "{190748AD-25B3-4B8B-988A-C074F8DBCDAF}"
EndProject
Project("{FAE04EC0-301F-11D3-BF4B-00C04F79EFBC}") = "Bookly.Api.Tests", "tests\Bookly.Api.Tests\Bookly.Api.Tests.csproj", "{8D6FBF0D-CBBD-49D5-88C2-2F276ECB5B2F}"
EndProject
Project("{FAE04EC0-301F-11D3-BF4B-00C04F79EFBC}") = "Bookly.Api.Integration.Tests", "tests\Bookly.Api.Integration.Tests\Bookly.Api.Integration.Tests.csproj", "{BE4938AA-57D6-44EA-9A5E-52C5049046F4}"
EndProject
Global
	GlobalSection(SolutionConfigurationPlatforms) = preSolution
		Debug|Any CPU = Debug|Any CPU
		Debug|x64 = Debug|x64
		Debug|x86 = Debug|x86
		Release|Any CPU = Release|Any CPU
		Release|x64 = Release|x64
		Release|x86 = Release|x86
	EndGlobalSection
	GlobalSection(ProjectConfigurationPlatforms) = postSolution
		{D0560D38-FA2D-4E10-825D-F59C680A9E55}.Debug|Any CPU.ActiveCfg = Debug|Any CPU
		{D0560D38-FA2D-4E10-825D-F59C680A9E55}.Debug|Any CPU.Build.0 = Debug|Any CPU
		{D0560D38-FA2D-4E10-825D-F59C680A9E55}.Debug|x64.ActiveCfg = Debug|Any CPU
		{D0560D38-FA2D-4E10-825D-F59C680A9E55}.Debug|x64.Build.0 = Debug|Any CPU
		{D0560D38-FA2D-4E10-825D-F59C680A9E55}.Debug|x86.ActiveCfg = Debug|Any CPU
		{D0560D38-FA2D-4E10-825D-F59C680A9E55}.Debug|x86.Build.0 = Debug|Any CPU
		{D0560D38-FA2D-4E10-825D-F59C680A9E55}.Release|Any CPU.ActiveCfg = Release|Any CPU
		{D0560D38-FA2D-4E10-825D-F59C680A9E55}.Release|Any CPU.Build.0 = Release|Any CPU
		{D0560D38-FA2D-4E10-825D-F59C680A9E55}.Release|x64.ActiveCfg = Release|Any CPU
		{D0560D38-FA2D-4E10-825D-F59C680A9E55}.Release|x64.Build.0 = Release|Any CPU
		{D0560D38-FA2D-4E10-825D-F59C680A9E55}.Release|x86.ActiveCfg = Release|Any CPU
		{D0560D38-FA2D-4E10-825D-F59C680A9E55}.Release|x86.Build.0 = Release|Any CPU
		{1790394F-7822-4DDD-99ED-531523192D2F}.Debug|Any CPU.ActiveCfg = Debug|Any CPU
		{1790394F-7822-4DDD-99ED-531523192D2F}.Debug|Any CPU.Build.0 = Debug|Any CPU
		{1790394F-7822-4DDD-99ED-531523192D2F}.Debug|x64.ActiveCfg = Debug|Any CPU
		{1790394F-7822-4DDD-99ED-531523192D2F}.Debug|x64.Build.0 = Debug|Any CPU
		{1790394F-7822-4DDD-99ED-531523192D2F}.Debug|x86.ActiveCfg = Debug|Any CPU
		{1790394F-7822-4DDD-99ED-531523192D2F}.Debug|x86.Build.0 = Debug|Any CPU
		{1790394F-7822-4DDD-99ED-531523192D2F}.Release|Any CPU.ActiveCfg = Release|Any CPU
		{1790394F-7822-4DDD-99ED-531523192D2F}.Release|Any CPU.Build.0 = Release|Any CPU
		{1790394F-7822-4DDD-99ED-531523192D2F}.Release|x64.ActiveCfg = Release|Any CPU
		{1790394F-7822-4DDD-99ED-531523192D2F}.Release|x64.Build.0 = Release|Any CPU
		{1790394F-7822-4DDD-99ED-531523192D2F}.Release|x86.ActiveCfg = Release|Any CPU
		{1790394F-7822-4DDD-99ED-531523192D2F}.Release|x86.Build.0 = Release|Any CPU
		{01D732C3-E592-48BE-A91A-88B98CBD065C}.Debug|Any CPU.ActiveCfg = Debug|Any CPU
		{01D732C3-E592-48BE-A91A-88B98CBD065C}.Debug|Any CPU.Build.0 = Debug|Any CPU
		{01D732C3-E592-48BE-A91A-88B98CBD065C}.Debug|x64.ActiveCfg = Debug|Any CPU
		{01D732C3-E592-48BE-A91A-88B98CBD065C}.Debug|x64.Build.0 = Debug|Any CPU
		{01D732C3-E592-48BE-A91A-88B98CBD065C}.Debug|x86.ActiveCfg = Debug|Any CPU
		{01D732C3-E592-48BE-A91A-88B98CBD065C}.Debug|x86.Build.0 = Debug|Any CPU
		{01D732C3-E592-48BE-A91A-88B98CBD065C}.Release|Any CPU.ActiveCfg = Release|Any CPU
		{01D732C3-E592-48BE-A91A-88B98CBD065C}.Release|Any CPU.Build.0 = Release|Any CPU
		{01D732C3-E592-48BE-A91A-88B98CBD065C}.Release|x64.ActiveCfg = Release|Any CPU
		{01D732C3-E592-48BE-A91A-88B98CBD065C}.Release|x64.Build.0 = Release|Any CPU
		{01D732C3-E592-48BE-A91A-88B98CBD065C}.Release|x86.ActiveCfg = Release|Any CPU
		{01D732C3-E592-48BE-A91A-88B98CBD065C}.Release|x86.Build.0 = Release|Any CPU
		{E8B163FC-11D5-463F-BCF3-DDEFBFE88624}.Debug|Any CPU.ActiveCfg = Debug|Any CPU
		{E8B163FC-11D5-463F-BCF3-DDEFBFE88624}.Debug|Any CPU.Build.0 = Debug|Any CPU
		{E8B163FC-11D5-463F-BCF3-DDEFBFE88624}.Debug|x64.ActiveCfg = Debug|Any CPU
		{E8B163FC-11D5-463F-BCF3-DDEFBFE88624}.Debug|x64.Build.0 = Debug|Any CPU
		{E8B163FC-11D5-463F-BCF3-DDEFBFE88624}.Debug|x86.ActiveCfg = Debug|Any CPU
		{E8B163FC-11D5-463F-BCF3-DDEFBFE88624}.Debug|x86.Build.0 = Debug|Any CPU
		{E8B163FC-11D5-463F-BCF3-DDEFBFE88624}.Release|Any CPU.ActiveCfg = Release|Any CPU
		{E8B163FC-11D5-463F-BCF3-DDEFBFE88624}.Release|Any CPU.Build.0 = Release|Any CPU
		{E8B163FC-11D5-463F-BCF3-DDEFBFE88624}.Release|x64.ActiveCfg = Release|Any CPU
		{E8B163FC-11D5-463F-BCF3-DDEFBFE88624}.Release|x64.Build.0 = Release|Any CPU
		{E8B163FC-11D5-463F-BCF3-DDEFBFE88624}.Release|x86.ActiveCfg = Release|Any CPU
		{E8B163FC-11D5-463F-BCF3-DDEFBFE88624}.Release|x86.Build.0 = Release|Any CPU
		{502F958A-C654-46B9-9421-3F5DB9963C56}.Debug|Any CPU.ActiveCfg = Debug|Any CPU
		{502F958A-C654-46B9-9421-3F5DB9963C56}.Debug|Any CPU.Build.0 = Debug|Any CPU
		{502F958A-C654-46B9-9421-3F5DB9963C56}.Debug|x64.ActiveCfg = Debug|Any CPU
		{502F958A-C654-46B9-9421-3F5DB9963C56}.Debug|x64.Build.0 = Debug|Any CPU
		{502F958A-C654-46B9-9421-3F5DB9963C56}.Debug|x86.ActiveCfg = Debug|Any CPU
		{502F958A-C654-46B9-9421-3F5DB9963C56}.Debug|x86.Build.0 = Debug|Any CPU
		{502F958A-C654-46B9-9421-3F5DB9963C56}.Release|Any CPU.ActiveCfg = Release|Any CPU
		{502F958A-C654-46B9-9421-3F5DB9963C56}.Release|Any CPU.Build.0 = Release|Any CPU
		{502F958A-C654-46B9-9421-3F5DB9963C56}.Release|x64.ActiveCfg = Release|Any CPU
		{502F958A-C654-46B9-9421-3F5DB9963C56}.Release|x64.Build.0 = Release|Any CPU
		{502F958A-C654-46B9-9421-3F5DB9963C56}.Release|x86.ActiveCfg = Release|Any CPU
		{502F958A-C654-46B9-9421-3F5DB9963C56}.Release|x86.Build.0 = Release|Any CPU
		{B26290A9-68E3-441F-929F-0834BAFA4F46}.Debug|Any CPU.ActiveCfg = Debug|Any CPU
		{B26290A9-68E3-441F-929F-0834BAFA4F46}.Debug|Any CPU.Build.0 = Debug|Any CPU
		{B26290A9-68E3-441F-929F-0834BAFA4F46}.Debug|x64.ActiveCfg = Debug|Any CPU
		{B26290A9-68E3-441F-929F-0834BAFA4F46}.Debug|x64.Build.0 = Debug|Any CPU
		{B26290A9-68E3-441F-929F-0834BAFA4F46}.Debug|x86.ActiveCfg = Debug|Any CPU
		{B26290A9-68E3-441F-929F-0834BAFA4F46}.Debug|x86.Build.0 = Debug|Any CPU
		{B26290A9-68E3-441F-929F-0834BAFA4F46}.Release|Any CPU.ActiveCfg = Release|Any CPU
		{B26290A9-68E3-441F-929F-0834BAFA4F46}.Release|Any CPU.Build.0 = Release|Any CPU
		{B26290A9-68E3-441F-929F-0834BAFA4F46}.Release|x64.ActiveCfg = Release|Any CPU
		{B26290A9-68E3-441F-929F-0834BAFA4F46}.Release|x64.Build.0 = Release|Any CPU
		{B26290A9-68E3-441F-929F-0834BAFA4F46}.Release|x86.ActiveCfg = Release|Any CPU
		{B26290A9-68E3-441F-929F-0834BAFA4F46}.Release|x86.Build.0 = Release|Any CPU
		{8B120413-0BE8-4612-B932-444EA1FBE536}.Debug|Any CPU.ActiveCfg = Debug|Any CPU
		{8B120413-0BE8-4612-B932-444EA1FBE536}.Debug|Any CPU.Build.0 = Debug|Any CPU
		{8B120413-0BE8-4612-B932-444EA1FBE536}.Debug|x64.ActiveCfg = Debug|Any CPU
		{8B120413-0BE8-4612-B932-444EA1FBE536}.Debug|x64.Build.0 = Debug|Any CPU
		{8B120413-0BE8-4612-B932-444EA1FBE536}.Debug|x86.ActiveCfg = Debug|Any CPU
		{8B120413-0BE8-4612-B932-444EA1FBE536}.Debug|x86.Build.0 = Debug|Any CPU
		{8B120413-0BE8-4612-B932-444EA1FBE536}.Release|Any CPU.ActiveCfg = Release|Any CPU
		{8B120413-0BE8-4612-B932-444EA1FBE536}.Release|Any CPU.Build.0 = Release|Any CPU
		{8B120413-0BE8-4612-B932-444EA1FBE536}.Release|x64.ActiveCfg = Release|Any CPU
		{8B120413-0BE8-4612-B932-444EA1FBE536}.Release|x64.Build.0 = Release|Any CPU
		{8B120413-0BE8-4612-B932-444EA1FBE536}.Release|x86.ActiveCfg = Release|Any CPU
		{8B120413-0BE8-4612-B932-444EA1FBE536}.Release|x86.Build.0 = Release|Any CPU
		{190748AD-25B3-4B8B-988A-C074F8DBCDAF}.Debug|Any CPU.ActiveCfg = Debug|Any CPU
		{190748AD-25B3-4B8B-988A-C074F8DBCDAF}.Debug|Any CPU.Build.0 = Debug|Any CPU
		{190748AD-25B3-4B8B-988A-C074F8DBCDAF}.Debug|x64.ActiveCfg = Debug|Any CPU
		{190748AD-25B3-4B8B-988A-C074F8DBCDAF}.Debug|x64.Build.0 = Debug|Any CPU
		{190748AD-25B3-4B8B-988A-C074F8DBCDAF}.Debug|x86.ActiveCfg = Debug|Any CPU
		{190748AD-25B3-4B8B-988A-C074F8DBCDAF}.Debug|x86.Build.0 = Debug|Any CPU
		{190748AD-25B3-4B8B-988A-C074F8DBCDAF}.Release|Any CPU.ActiveCfg = Release|Any CPU
		{190748AD-25B3-4B8B-988A-C074F8DBCDAF}.Release|Any CPU.Build.0 = Release|Any CPU
		{190748AD-25B3-4B8B-988A-C074F8DBCDAF}.Release|x64.ActiveCfg = Release|Any CPU
		{190748AD-25B3-4B8B-988A-C074F8DBCDAF}.Release|x64.Build.0 = Release|Any CPU
		{190748AD-25B3-4B8B-988A-C074F8DBCDAF}.Release|x86.ActiveCfg = Release|Any CPU
		{190748AD-25B3-4B8B-988A-C074F8DBCDAF}.Release|x86.Build.0 = Release|Any CPU
		{8D6FBF0D-CBBD-49D5-88C2-2F276ECB5B2F}.Debug|Any CPU.ActiveCfg = Debug|Any CPU
		{8D6FBF0D-CBBD-49D5-88C2-2F276ECB5B2F}.Debug|Any CPU.Build.0 = Debug|Any CPU
		{8D6FBF0D-CBBD-49D5-88C2-2F276ECB5B2F}.Debug|x64.ActiveCfg = Debug|Any CPU
		{8D6FBF0D-CBBD-49D5-88C2-2F276ECB5B2F}.Debug|x64.Build.0 = Debug|Any CPU
		{8D6FBF0D-CBBD-49D5-88C2-2F276ECB5B2F}.Debug|x86.ActiveCfg = Debug|Any CPU
		{8D6FBF0D-CBBD-49D5-88C2-2F276ECB5B2F}.Debug|x86.Build.0 = Debug|Any CPU
		{8D6FBF0D-CBBD-49D5-88C2-2F276ECB5B2F}.Release|Any CPU.ActiveCfg = Release|Any CPU
		{8D6FBF0D-CBBD-49D5-88C2-2F276ECB5B2F}.Release|Any CPU.Build.0 = Release|Any CPU
		{8D6FBF0D-CBBD-49D5-88C2-2F276ECB5B2F}.Release|x64.ActiveCfg = Release|Any CPU
		{8D6FBF0D-CBBD-49D5-88C2-2F276ECB5B2F}.Release|x64.Build.0 = Release|Any CPU
		{8D6FBF0D-CBBD-49D5-88C2-2F276ECB5B2F}.Release|x86.ActiveCfg = Release|Any CPU
		{8D6FBF0D-CBBD-49D5-88C2-2F276ECB5B2F}.Release|x86.Build.0 = Release|Any CPU
		{BE4938AA-57D6-44EA-9A5E-52C5049046F4}.Debug|Any CPU.ActiveCfg = Debug|Any CPU
		{BE4938AA-57D6-44EA-9A5E-52C5049046F4}.Debug|Any CPU.Build.0 = Debug|Any CPU
		{BE4938AA-57D6-44EA-9A5E-52C5049046F4}.Debug|x64.ActiveCfg = Debug|Any CPU
		{BE4938AA-57D6-44EA-9A5E-52C5049046F4}.Debug|x64.Build.0 = Debug|Any CPU
		{BE4938AA-57D6-44EA-9A5E-52C5049046F4}.Debug|x86.ActiveCfg = Debug|Any CPU
		{BE4938AA-57D6-44EA-9A5E-52C5049046F4}.Debug|x86.Build.0 = Debug|Any CPU
		{BE4938AA-57D6-44EA-9A5E-52C5049046F4}.Release|Any CPU.ActiveCfg = Release|Any CPU
		{BE4938AA-57D6-44EA-9A5E-52C5049046F4}.Release|Any CPU.Build.0 = Release|Any CPU
		{BE4938AA-57D6-44EA-9A5E-52C5049046F4}.Release|x64.ActiveCfg = Release|Any CPU
		{BE4938AA-57D6-44EA-9A5E-52C5049046F4}.Release|x64.Build.0 = Release|Any CPU
		{BE4938AA-57D6-44EA-9A5E-52C5049046F4}.Release|x86.ActiveCfg = Release|Any CPU
		{BE4938AA-57D6-44EA-9A5E-52C5049046F4}.Release|x86.Build.0 = Release|Any CPU
	EndGlobalSection
	GlobalSection(SolutionProperties) = preSolution
		HideSolutionNode = FALSE
	EndGlobalSection
	GlobalSection(NestedProjects) = preSolution
		{D0560D38-FA2D-4E10-825D-F59C680A9E55} = {827E0CD3-B72D-47B6-A68D-7590B98EB39B}
		{1790394F-7822-4DDD-99ED-531523192D2F} = {827E0CD3-B72D-47B6-A68D-7590B98EB39B}
		{01D732C3-E592-48BE-A91A-88B98CBD065C} = {827E0CD3-B72D-47B6-A68D-7590B98EB39B}
		{E8B163FC-11D5-463F-BCF3-DDEFBFE88624} = {827E0CD3-B72D-47B6-A68D-7590B98EB39B}
		{502F958A-C654-46B9-9421-3F5DB9963C56} = {827E0CD3-B72D-47B6-A68D-7590B98EB39B}
		{B26290A9-68E3-441F-929F-0834BAFA4F46} = {827E0CD3-B72D-47B6-A68D-7590B98EB39B}
		{8B120413-0BE8-4612-B932-444EA1FBE536} = {0AB3BF05-4346-4AA6-1389-037BE0695223}
		{190748AD-25B3-4B8B-988A-C074F8DBCDAF} = {0AB3BF05-4346-4AA6-1389-037BE0695223}
		{8D6FBF0D-CBBD-49D5-88C2-2F276ECB5B2F} = {0AB3BF05-4346-4AA6-1389-037BE0695223}
		{BE4938AA-57D6-44EA-9A5E-52C5049046F4} = {0AB3BF05-4346-4AA6-1389-037BE0695223}
	EndGlobalSection
EndGlobal
